
Microsoft Visual Studio Solution File, Format Version 12.00
# Visual Studio Version 16
VisualStudioVersion = 16.0.30413.136
MinimumVisualStudioVersion = 10.0.40219.1
Project("{FAE04EC0-301F-11D3-BF4B-00C04F79EFBC}") = "FormulaEvaluator", "FormulaEvaluator\FormulaEvaluator.csproj", "{ABC9D03E-4056-4AE3-BA6C-E9733D28C514}"
EndProject
Project("{FAE04EC0-301F-11D3-BF4B-00C04F79EFBC}") = "TestFormulaEvaluator", "TestFormulaEvaluator\TestFormulaEvaluator.csproj", "{1EC3A165-E288-4E56-83BE-F5EEA1E040EB}"
EndProject
Project("{FAE04EC0-301F-11D3-BF4B-00C04F79EFBC}") = "UnitTestEvaluator", "UnitTestEvaluator\UnitTestEvaluator.csproj", "{104F79BE-7EB6-424D-A265-D26737EABFF1}"
EndProject
Global
	GlobalSection(SolutionConfigurationPlatforms) = preSolution
		Debug|Any CPU = Debug|Any CPU
		Release|Any CPU = Release|Any CPU
	EndGlobalSection
	GlobalSection(ProjectConfigurationPlatforms) = postSolution
		{ABC9D03E-4056-4AE3-BA6C-E9733D28C514}.Debug|Any CPU.ActiveCfg = Debug|Any CPU
		{ABC9D03E-4056-4AE3-BA6C-E9733D28C514}.Debug|Any CPU.Build.0 = Debug|Any CPU
		{ABC9D03E-4056-4AE3-BA6C-E9733D28C514}.Release|Any CPU.ActiveCfg = Release|Any CPU
		{ABC9D03E-4056-4AE3-BA6C-E9733D28C514}.Release|Any CPU.Build.0 = Release|Any CPU
		{1EC3A165-E288-4E56-83BE-F5EEA1E040EB}.Debug|Any CPU.ActiveCfg = Debug|Any CPU
		{1EC3A165-E288-4E56-83BE-F5EEA1E040EB}.Debug|Any CPU.Build.0 = Debug|Any CPU
		{1EC3A165-E288-4E56-83BE-F5EEA1E040EB}.Release|Any CPU.ActiveCfg = Release|Any CPU
		{1EC3A165-E288-4E56-83BE-F5EEA1E040EB}.Release|Any CPU.Build.0 = Release|Any CPU
		{104F79BE-7EB6-424D-A265-D26737EABFF1}.Debug|Any CPU.ActiveCfg = Debug|Any CPU
		{104F79BE-7EB6-424D-A265-D26737EABFF1}.Debug|Any CPU.Build.0 = Debug|Any CPU
		{104F79BE-7EB6-424D-A265-D26737EABFF1}.Release|Any CPU.ActiveCfg = Release|Any CPU
		{104F79BE-7EB6-424D-A265-D26737EABFF1}.Release|Any CPU.Build.0 = Release|Any CPU
	EndGlobalSection
	GlobalSection(SolutionProperties) = preSolution
		HideSolutionNode = FALSE
	EndGlobalSection
	GlobalSection(ExtensibilityGlobals) = postSolution
		SolutionGuid = {1FA551E6-5DC0-4798-93C2-EA810A652B6B}
	EndGlobalSection
EndGlobal
